
Microsoft Visual Studio Solution File, Format Version 11.00
# Visual Studio 2010
Project("{FAE04EC0-301F-11D3-BF4B-00C04F79EFBC}") = "Paradise Towers", "Assembly-CSharp-firstpass.csproj", "{35CE4942-4D2B-C2C6-335E-9F8680E79974}"
EndProject
Project("{FAE04EC0-301F-11D3-BF4B-00C04F79EFBC}") = "Paradise Towers", "Assembly-CSharp.csproj", "{B8B76CD0-C8ED-F25A-E4DA-4F5D1F05EB5C}"
EndProject
Project("{FAE04EC0-301F-11D3-BF4B-00C04F79EFBC}") = "Paradise Towers", "Assembly-CSharp-Editor-firstpass.csproj", "{3CCC503A-B3EE-52DD-BA6E-26EF1B3DC52B}"
EndProject
Project("{FAE04EC0-301F-11D3-BF4B-00C04F79EFBC}") = "Paradise Towers", "Assembly-CSharp-Editor.csproj", "{F585F93F-BA3D-6CBD-E4DB-5523A8D6E0F1}"
EndProject
Global
	GlobalSection(SolutionConfigurationPlatforms) = preSolution
		Debug|Any CPU = Debug|Any CPU
		Release|Any CPU = Release|Any CPU
	EndGlobalSection
	GlobalSection(ProjectConfigurationPlatforms) = postSolution
		{35CE4942-4D2B-C2C6-335E-9F8680E79974}.Debug|Any CPU.ActiveCfg = Debug|Any CPU
		{35CE4942-4D2B-C2C6-335E-9F8680E79974}.Debug|Any CPU.Build.0 = Debug|Any CPU
		{35CE4942-4D2B-C2C6-335E-9F8680E79974}.Release|Any CPU.ActiveCfg = Release|Any CPU
		{35CE4942-4D2B-C2C6-335E-9F8680E79974}.Release|Any CPU.Build.0 = Release|Any CPU
		{B8B76CD0-C8ED-F25A-E4DA-4F5D1F05EB5C}.Debug|Any CPU.ActiveCfg = Debug|Any CPU
		{B8B76CD0-C8ED-F25A-E4DA-4F5D1F05EB5C}.Debug|Any CPU.Build.0 = Debug|Any CPU
		{B8B76CD0-C8ED-F25A-E4DA-4F5D1F05EB5C}.Release|Any CPU.ActiveCfg = Release|Any CPU
		{B8B76CD0-C8ED-F25A-E4DA-4F5D1F05EB5C}.Release|Any CPU.Build.0 = Release|Any CPU
		{3CCC503A-B3EE-52DD-BA6E-26EF1B3DC52B}.Debug|Any CPU.ActiveCfg = Debug|Any CPU
		{3CCC503A-B3EE-52DD-BA6E-26EF1B3DC52B}.Debug|Any CPU.Build.0 = Debug|Any CPU
		{3CCC503A-B3EE-52DD-BA6E-26EF1B3DC52B}.Release|Any CPU.ActiveCfg = Release|Any CPU
		{3CCC503A-B3EE-52DD-BA6E-26EF1B3DC52B}.Release|Any CPU.Build.0 = Release|Any CPU
		{F585F93F-BA3D-6CBD-E4DB-5523A8D6E0F1}.Debug|Any CPU.ActiveCfg = Debug|Any CPU
		{F585F93F-BA3D-6CBD-E4DB-5523A8D6E0F1}.Debug|Any CPU.Build.0 = Debug|Any CPU
		{F585F93F-BA3D-6CBD-E4DB-5523A8D6E0F1}.Release|Any CPU.ActiveCfg = Release|Any CPU
		{F585F93F-BA3D-6CBD-E4DB-5523A8D6E0F1}.Release|Any CPU.Build.0 = Release|Any CPU
	EndGlobalSection
	GlobalSection(SolutionProperties) = preSolution
		HideSolutionNode = FALSE
	EndGlobalSection
	GlobalSection(MonoDevelopProperties) = preSolution
		StartupItem = Assembly-CSharp.csproj
	EndGlobalSection
EndGlobal
